
Microsoft Visual Studio Solution File, Format Version 12.00
# Visual Studio Version 17
VisualStudioVersion = 17.6.33815.320
MinimumVisualStudioVersion = 10.0.40219.1
Project("{FAE04EC0-301F-11D3-BF4B-00C04F79EFBC}") = "CrudOperation", "CrudOperation\CrudOperation.csproj", "{E9D41354-B005-469F-8E25-FBC329A221A2}"
EndProject
Global
	GlobalSection(SolutionConfigurationPlatforms) = preSolution
		Debug|Any CPU = Debug|Any CPU
		Release|Any CPU = Release|Any CPU
	EndGlobalSection
	GlobalSection(ProjectConfigurationPlatforms) = postSolution
		{E9D41354-B005-469F-8E25-FBC329A221A2}.Debug|Any CPU.ActiveCfg = Debug|Any CPU
		{E9D41354-B005-469F-8E25-FBC329A221A2}.Debug|Any CPU.Build.0 = Debug|Any CPU
		{E9D41354-B005-469F-8E25-FBC329A221A2}.Release|Any CPU.ActiveCfg = Release|Any CPU
		{E9D41354-B005-469F-8E25-FBC329A221A2}.Release|Any CPU.Build.0 = Release|Any CPU
	EndGlobalSection
	GlobalSection(SolutionProperties) = preSolution
		HideSolutionNode = FALSE
	EndGlobalSection
	GlobalSection(ExtensibilityGlobals) = postSolution
		SolutionGuid = {C0D61A86-BC26-474A-AFCB-5E041DE2ABE7}
	EndGlobalSection
EndGlobal
